
Microsoft Visual Studio Solution File, Format Version 12.00
# Visual Studio Version 17
VisualStudioVersion = 17.0.32014.148
MinimumVisualStudioVersion = 10.0.40219.1
Project("{FAE04EC0-301F-11D3-BF4B-00C04F79EFBC}") = "Project1", "Project1\Project1.csproj", "{95D575EF-A905-4EBA-A43F-8578F45E9148}"
EndProject
Global
	GlobalSection(SolutionConfigurationPlatforms) = preSolution
		Debug|Any CPU = Debug|Any CPU
		Release|Any CPU = Release|Any CPU
	EndGlobalSection
	GlobalSection(ProjectConfigurationPlatforms) = postSolution
		{95D575EF-A905-4EBA-A43F-8578F45E9148}.Debug|Any CPU.ActiveCfg = Debug|Any CPU
		{95D575EF-A905-4EBA-A43F-8578F45E9148}.Debug|Any CPU.Build.0 = Debug|Any CPU
		{95D575EF-A905-4EBA-A43F-8578F45E9148}.Release|Any CPU.ActiveCfg = Release|Any CPU
		{95D575EF-A905-4EBA-A43F-8578F45E9148}.Release|Any CPU.Build.0 = Release|Any CPU
	EndGlobalSection
	GlobalSection(SolutionProperties) = preSolution
		HideSolutionNode = FALSE
	EndGlobalSection
	GlobalSection(ExtensibilityGlobals) = postSolution
		SolutionGuid = {F311354C-C2A4-4460-836C-DB7B8D70984C}
	EndGlobalSection
EndGlobal
